<?xml version="1.0" encoding="UTF-8" standalone="yes" ?>
<CodeBlocks_project_file>
	<FileVersion major="1" minor="6" />
	<Project>
		<Option title="traiheVungTau2019" />
		<Option pch_mode="2" />
		<Option compiler="gcc" />
		<Build>
			<Target title="Debug">
				<Option output="bin/Debug/traiheVungTau2019" prefix_auto="1" extension_auto="1" />
				<Option object_output="obj/Debug/" />
				<Option type="1" />
				<Option compiler="gcc" />
				<Compiler>
					<Add option="-g" />
				</Compiler>
			</Target>
			<Target title="Release">
				<Option output="bin/Release/traiheVungTau2019" prefix_auto="1" extension_auto="1" />
				<Option object_output="obj/Release/" />
				<Option type="1" />
				<Option compiler="gcc" />
				<Compiler>
					<Add option="-O2" />
				</Compiler>
				<Linker>
					<Add option="-s" />
				</Linker>
			</Target>
		</Build>
		<Compiler>
			<Add option="-Wall" />
			<Add option="-fexceptions" />
		</Compiler>
		<Unit filename="ASSIGN.cpp">
			<Option compile="0" />
			<Option link="0" />
		</Unit>
		<Unit filename="ATM.cpp">
			<Option compile="0" />
			<Option link="0" />
		</Unit>
		<Unit filename="BIRO.cpp">
			<Option compile="0" />
			<Option link="0" />
		</Unit>
		<Unit filename="BLO.cpp">
			<Option compile="0" />
			<Option link="0" />
		</Unit>
		<Unit filename="CAPITAL.cpp">
			<Option compile="0" />
			<Option link="0" />
		</Unit>
		<Unit filename="CONVEXHULL.cpp">
			<Option compile="0" />
			<Option link="0" />
		</Unit>
		<Unit filename="DEBLO.cpp">
			<Option compile="0" />
			<Option link="0" />
		</Unit>
		<Unit filename="DIABLO.cpp">
			<Option compile="0" />
			<Option link="0" />
		</Unit>
		<Unit filename="Dinic.cpp">
			<Option compile="0" />
			<Option link="0" />
		</Unit>
		<Unit filename="Fork_fulkerson.cpp">
			<Option compile="0" />
			<Option link="0" />
		</Unit>
		<Unit filename="MAXPDAG.cpp">
			<Option compile="0" />
			<Option link="0" />
		</Unit>
		<Unit filename="Maxflow.cpp">
			<Option compile="0" />
			<Option link="0" />
		</Unit>
		<Unit filename="NANGSUAT.cpp">
			<Option compile="0" />
			<Option link="0" />
		</Unit>
		<Unit filename="NET.cpp">
			<Option compile="0" />
			<Option link="0" />
		</Unit>
		<Unit filename="QUERY.INP" />
		<Unit filename="QUERY.OUT" />
		<Unit filename="QUERY.cpp">
			<Option compile="0" />
			<Option link="0" />
		</Unit>
		<Unit filename="QUERYSUM.cpp">
			<Option compile="0" />
			<Option link="0" />
		</Unit>
		<Unit filename="RECTCUT.cpp">
			<Option compile="0" />
			<Option link="0" />
		</Unit>
		<Unit filename="RECTMAKE.cpp" />
		<Unit filename="REFORM.cpp">
			<Option compile="0" />
			<Option link="0" />
		</Unit>
		<Unit filename="SABOTAGE.cpp">
			<Option compile="0" />
			<Option link="0" />
		</Unit>
		<Unit filename="TRAM.cpp">
			<Option compile="0" />
			<Option link="0" />
		</Unit>
		<Extensions>
			<code_completion />
			<envvars />
			<debugger />
		</Extensions>
	</Project>
</CodeBlocks_project_file>
